{
  "object": {
    "pins": [
      {
        "package": "RemoteImage",
        "repositoryURL": "https://github.com/crelies/RemoteImage",
        "state": {
          "branch": null,
          "revision": "b784aeb4c1362242f54c88384e79d09e76b39134",
          "version": "1.0.0"
        }
      }
    ]
  },
  "version": 1
}
